// !$*UTF8*$!
{
	archiveVersion = 1;
	classes = {
	};
	objectVersion = 46;
	objects = {

/* Begin PBXBuildFile section */
		305FB6F119C1C41F0062BDCF /* CCommonGamecenterDataControl.swift in Sources */ = {isa = PBXBuildFile; fileRef = 305FB6F019C1C41F0062BDCF /* CCommonGamecenterDataControl.swift */; };
		306D6DCC19BFF21400F63CF2 /* CCommonAppDelegate.swift in Sources */ = {isa = PBXBuildFile; fileRef = 306D6DCB19BFF21400F63CF2 /* CCommonAppDelegate.swift */; };
		306D6DCE19BFF44200F63CF2 /* CCommonGame.swift in Sources */ = {isa = PBXBuildFile; fileRef = 306D6DCD19BFF44200F63CF2 /* CCommonGame.swift */; };
		306D6DD019BFF48600F63CF2 /* CCommonViewController.swift in Sources */ = {isa = PBXBuildFile; fileRef = 306D6DCF19BFF48600F63CF2 /* CCommonViewController.swift */; };
		306D6DD219BFF4EB00F63CF2 /* CCommonGeneral.swift in Sources */ = {isa = PBXBuildFile; fileRef = 306D6DD119BFF4EB00F63CF2 /* CCommonGeneral.swift */; };
		306D6DD619C1454900F63CF2 /* CCommonUserData.swift in Sources */ = {isa = PBXBuildFile; fileRef = 306D6DD519C1454900F63CF2 /* CCommonUserData.swift */; };
		30B7D1B019682A73008C7F46 /* TinyanLibSwift.h in Headers */ = {isa = PBXBuildFile; fileRef = 30B7D1AF19682A73008C7F46 /* TinyanLibSwift.h */; settings = {ATTRIBUTES = (Public, ); }; };
		30B7D1B619682A73008C7F46 /* TinyanLibSwift.framework in Frameworks */ = {isa = PBXBuildFile; fileRef = 30B7D1AA19682A73008C7F46 /* TinyanLibSwift.framework */; };
		30B7D1BD19682A73008C7F46 /* TinyanLibSwiftTests.swift in Sources */ = {isa = PBXBuildFile; fileRef = 30B7D1BC19682A73008C7F46 /* TinyanLibSwiftTests.swift */; };
		30BC4A7E19A91ABB00AC63C7 /* CCommonSoundControl.swift in Sources */ = {isa = PBXBuildFile; fileRef = 30BC4A7D19A91ABB00AC63C7 /* CCommonSoundControl.swift */; };
		30BC4ACD19A9341500AC63C7 /* OALControl.h in Headers */ = {isa = PBXBuildFile; fileRef = 30BC4AC919A9341500AC63C7 /* OALControl.h */; settings = {ATTRIBUTES = (Public, ); }; };
		30BC4ACE19A9341500AC63C7 /* OALControl.m in Sources */ = {isa = PBXBuildFile; fileRef = 30BC4ACA19A9341500AC63C7 /* OALControl.m */; };
		30BC4ACF19A9341500AC63C7 /* OALData.h in Headers */ = {isa = PBXBuildFile; fileRef = 30BC4ACB19A9341500AC63C7 /* OALData.h */; settings = {ATTRIBUTES = (Public, ); }; };
		30BC4AD019A9341500AC63C7 /* OALData.m in Sources */ = {isa = PBXBuildFile; fileRef = 30BC4ACC19A9341500AC63C7 /* OALData.m */; };
		30BC4AD319A9348D00AC63C7 /* OAL3DVector.h in Headers */ = {isa = PBXBuildFile; fileRef = 30BC4AD119A9348D00AC63C7 /* OAL3DVector.h */; settings = {ATTRIBUTES = (Public, ); }; };
		30BC4AD419A9348D00AC63C7 /* OAL3DVector.m in Sources */ = {isa = PBXBuildFile; fileRef = 30BC4AD219A9348D00AC63C7 /* OAL3DVector.m */; };
		30F6A7AF19BFF8D6006A8212 /* CCommonBannerViewController.swift in Sources */ = {isa = PBXBuildFile; fileRef = 30F6A7AE19BFF8D6006A8212 /* CCommonBannerViewController.swift */; };
/* End PBXBuildFile section */

/* Begin PBXContainerItemProxy section */
		30B7D1B719682A73008C7F46 /* PBXContainerItemProxy */ = {
			isa = PBXContainerItemProxy;
			containerPortal = 30B7D1A119682A73008C7F46 /* Project object */;
			proxyType = 1;
			remoteGlobalIDString = 30B7D1A919682A73008C7F46;
			remoteInfo = TinyanLibSwift;
		};
/* End PBXContainerItemProxy section */

/* Begin PBXFileReference section */
		305FB6F019C1C41F0062BDCF /* CCommonGamecenterDataControl.swift */ = {isa = PBXFileReference; fileEncoding = 4; lastKnownFileType = sourcecode.swift; name = CCommonGamecenterDataControl.swift; path = TinyanLibSwift/classes/ios/CCommonGamecenterDataControl.swift; sourceTree = "<group>"; };
		306D6DCB19BFF21400F63CF2 /* CCommonAppDelegate.swift */ = {isa = PBXFileReference; fileEncoding = 4; lastKnownFileType = sourcecode.swift; name = CCommonAppDelegate.swift; path = TinyanLibSwift/classes/ios/CCommonAppDelegate.swift; sourceTree = "<group>"; };
		306D6DCD19BFF44200F63CF2 /* CCommonGame.swift */ = {isa = PBXFileReference; fileEncoding = 4; lastKnownFileType = sourcecode.swift; name = CCommonGame.swift; path = TinyanLibSwift/classes/nnn/CCommonGame.swift; sourceTree = "<group>"; };
		306D6DCF19BFF48600F63CF2 /* CCommonViewController.swift */ = {isa = PBXFileReference; fileEncoding = 4; lastKnownFileType = sourcecode.swift; name = CCommonViewController.swift; path = TinyanLibSwift/classes/ios/CCommonViewController.swift; sourceTree = "<group>"; };
		306D6DD119BFF4EB00F63CF2 /* CCommonGeneral.swift */ = {isa = PBXFileReference; fileEncoding = 4; lastKnownFileType = sourcecode.swift; name = CCommonGeneral.swift; path = TinyanLibSwift/classes/nnn/CCommonGeneral.swift; sourceTree = "<group>"; };
		306D6DD519C1454900F63CF2 /* CCommonUserData.swift */ = {isa = PBXFileReference; fileEncoding = 4; lastKnownFileType = sourcecode.swift; name = CCommonUserData.swift; path = TinyanLibSwift/classes/nnn/CCommonUserData.swift; sourceTree = "<group>"; };
		30B7D1AA19682A73008C7F46 /* TinyanLibSwift.framework */ = {isa = PBXFileReference; explicitFileType = wrapper.framework; includeInIndex = 0; path = TinyanLibSwift.framework; sourceTree = BUILT_PRODUCTS_DIR; };
		30B7D1AE19682A73008C7F46 /* Info.plist */ = {isa = PBXFileReference; lastKnownFileType = text.plist.xml; path = Info.plist; sourceTree = "<group>"; };
		30B7D1AF19682A73008C7F46 /* TinyanLibSwift.h */ = {isa = PBXFileReference; lastKnownFileType = sourcecode.c.h; path = TinyanLibSwift.h; sourceTree = "<group>"; };
		30B7D1B519682A73008C7F46 /* TinyanLibSwiftTests.xctest */ = {isa = PBXFileReference; explicitFileType = wrapper.cfbundle; includeInIndex = 0; path = TinyanLibSwiftTests.xctest; sourceTree = BUILT_PRODUCTS_DIR; };
		30B7D1BB19682A73008C7F46 /* Info.plist */ = {isa = PBXFileReference; lastKnownFileType = text.plist.xml; path = Info.plist; sourceTree = "<group>"; };
		30B7D1BC19682A73008C7F46 /* TinyanLibSwiftTests.swift */ = {isa = PBXFileReference; lastKnownFileType = sourcecode.swift; path = TinyanLibSwiftTests.swift; sourceTree = "<group>"; };
		30BC4A7D19A91ABB00AC63C7 /* CCommonSoundControl.swift */ = {isa = PBXFileReference; fileEncoding = 4; lastKnownFileType = sourcecode.swift; name = CCommonSoundControl.swift; path = TinyanLibSwift/classes/CCommonSoundControl.swift; sourceTree = "<group>"; };
		30BC4AC919A9341500AC63C7 /* OALControl.h */ = {isa = PBXFileReference; fileEncoding = 4; lastKnownFileType = sourcecode.c.h; name = OALControl.h; path = TinyanLibSwift/classes/openal/OALControl.h; sourceTree = "<group>"; };
		30BC4ACA19A9341500AC63C7 /* OALControl.m */ = {isa = PBXFileReference; fileEncoding = 4; lastKnownFileType = sourcecode.c.objc; name = OALControl.m; path = TinyanLibSwift/classes/openal/OALControl.m; sourceTree = "<group>"; };
		30BC4ACB19A9341500AC63C7 /* OALData.h */ = {isa = PBXFileReference; fileEncoding = 4; lastKnownFileType = sourcecode.c.h; name = OALData.h; path = TinyanLibSwift/classes/openal/OALData.h; sourceTree = "<group>"; };
		30BC4ACC19A9341500AC63C7 /* OALData.m */ = {isa = PBXFileReference; fileEncoding = 4; lastKnownFileType = sourcecode.c.objc; name = OALData.m; path = TinyanLibSwift/classes/openal/OALData.m; sourceTree = "<group>"; };
		30BC4AD119A9348D00AC63C7 /* OAL3DVector.h */ = {isa = PBXFileReference; fileEncoding = 4; lastKnownFileType = sourcecode.c.h; name = OAL3DVector.h; path = TinyanLibSwift/classes/openal/OAL3DVector.h; sourceTree = "<group>"; };
		30BC4AD219A9348D00AC63C7 /* OAL3DVector.m */ = {isa = PBXFileReference; fileEncoding = 4; lastKnownFileType = sourcecode.c.objc; name = OAL3DVector.m; path = TinyanLibSwift/classes/openal/OAL3DVector.m; sourceTree = "<group>"; };
		30F6A7AE19BFF8D6006A8212 /* CCommonBannerViewController.swift */ = {isa = PBXFileReference; fileEncoding = 4; lastKnownFileType = sourcecode.swift; name = CCommonBannerViewController.swift; path = TinyanLibSwift/classes/ios/CCommonBannerViewController.swift; sourceTree = "<group>"; };
/* End PBXFileReference section */

/* Begin PBXFrameworksBuildPhase section */
		30B7D1A619682A73008C7F46 /* Frameworks */ = {
			isa = PBXFrameworksBuildPhase;
			buildActionMask = 2147483647;
			files = (
			);
			runOnlyForDeploymentPostprocessing = 0;
		};
		30B7D1B219682A73008C7F46 /* Frameworks */ = {
			isa = PBXFrameworksBuildPhase;
			buildActionMask = 2147483647;
			files = (
				30B7D1B619682A73008C7F46 /* TinyanLibSwift.framework in Frameworks */,
			);
			runOnlyForDeploymentPostprocessing = 0;
		};
/* End PBXFrameworksBuildPhase section */

/* Begin PBXGroup section */
		306D6DD319C00D6300F63CF2 /* nnn */ = {
			isa = PBXGroup;
			children = (
				306D6DCD19BFF44200F63CF2 /* CCommonGame.swift */,
				306D6DD119BFF4EB00F63CF2 /* CCommonGeneral.swift */,
				30BC4A7D19A91ABB00AC63C7 /* CCommonSoundControl.swift */,
			);
			name = nnn;
			sourceTree = "<group>";
		};
		306D6DD419C00D7C00F63CF2 /* ios */ = {
			isa = PBXGroup;
			children = (
				306D6DCB19BFF21400F63CF2 /* CCommonAppDelegate.swift */,
				30F6A7AE19BFF8D6006A8212 /* CCommonBannerViewController.swift */,
				306D6DCF19BFF48600F63CF2 /* CCommonViewController.swift */,
			);
			name = ios;
			sourceTree = "<group>";
		};
		30B7D1A019682A73008C7F46 = {
			isa = PBXGroup;
			children = (
				305FB6F019C1C41F0062BDCF /* CCommonGamecenterDataControl.swift */,
				306D6DD519C1454900F63CF2 /* CCommonUserData.swift */,
				306D6DD419C00D7C00F63CF2 /* ios */,
				306D6DD319C00D6300F63CF2 /* nnn */,
				30BC4AD619A95BA800AC63C7 /* source */,
				30BC4AD519A95B6F00AC63C7 /* openal */,
				30B7D1AC19682A73008C7F46 /* TinyanLibSwift */,
				30B7D1B919682A73008C7F46 /* TinyanLibSwiftTests */,
				30B7D1AB19682A73008C7F46 /* Products */,
			);
			sourceTree = "<group>";
		};
		30B7D1AB19682A73008C7F46 /* Products */ = {
			isa = PBXGroup;
			children = (
				30B7D1AA19682A73008C7F46 /* TinyanLibSwift.framework */,
				30B7D1B519682A73008C7F46 /* TinyanLibSwiftTests.xctest */,
			);
			name = Products;
			sourceTree = "<group>";
		};
		30B7D1AC19682A73008C7F46 /* TinyanLibSwift */ = {
			isa = PBXGroup;
			children = (
				30B7D1AF19682A73008C7F46 /* TinyanLibSwift.h */,
				30B7D1AD19682A73008C7F46 /* Supporting Files */,
			);
			path = TinyanLibSwift;
			sourceTree = "<group>";
		};
		30B7D1AD19682A73008C7F46 /* Supporting Files */ = {
			isa = PBXGroup;
			children = (
				30B7D1AE19682A73008C7F46 /* Info.plist */,
			);
			name = "Supporting Files";
			sourceTree = "<group>";
		};
		30B7D1B919682A73008C7F46 /* TinyanLibSwiftTests */ = {
			isa = PBXGroup;
			children = (
				30B7D1BC19682A73008C7F46 /* TinyanLibSwiftTests.swift */,
				30B7D1BA19682A73008C7F46 /* Supporting Files */,
			);
			path = TinyanLibSwiftTests;
			sourceTree = "<group>";
		};
		30B7D1BA19682A73008C7F46 /* Supporting Files */ = {
			isa = PBXGroup;
			children = (
				30B7D1BB19682A73008C7F46 /* Info.plist */,
			);
			name = "Supporting Files";
			sourceTree = "<group>";
		};
		30BC4AD519A95B6F00AC63C7 /* openal */ = {
			isa = PBXGroup;
			children = (
				30BC4AD119A9348D00AC63C7 /* OAL3DVector.h */,
				30BC4AD219A9348D00AC63C7 /* OAL3DVector.m */,
				30BC4AC919A9341500AC63C7 /* OALControl.h */,
				30BC4ACA19A9341500AC63C7 /* OALControl.m */,
				30BC4ACB19A9341500AC63C7 /* OALData.h */,
				30BC4ACC19A9341500AC63C7 /* OALData.m */,
			);
			name = openal;
			sourceTree = "<group>";
		};
		30BC4AD619A95BA800AC63C7 /* source */ = {
			isa = PBXGroup;
			children = (
			);
			name = source;
			sourceTree = "<group>";
		};
/* End PBXGroup section */

/* Begin PBXHeadersBuildPhase section */
		30B7D1A719682A73008C7F46 /* Headers */ = {
			isa = PBXHeadersBuildPhase;
			buildActionMask = 2147483647;
			files = (
				30BC4ACF19A9341500AC63C7 /* OALData.h in Headers */,
				30BC4AD319A9348D00AC63C7 /* OAL3DVector.h in Headers */,
				30BC4ACD19A9341500AC63C7 /* OALControl.h in Headers */,
				30B7D1B019682A73008C7F46 /* TinyanLibSwift.h in Headers */,
			);
			runOnlyForDeploymentPostprocessing = 0;
		};
/* End PBXHeadersBuildPhase section */

/* Begin PBXNativeTarget section */
		30B7D1A919682A73008C7F46 /* TinyanLibSwift */ = {
			isa = PBXNativeTarget;
			buildConfigurationList = 30B7D1C019682A73008C7F46 /* Build configuration list for PBXNativeTarget "TinyanLibSwift" */;
			buildPhases = (
				30B7D1A519682A73008C7F46 /* Sources */,
				30B7D1A619682A73008C7F46 /* Frameworks */,
				30B7D1A719682A73008C7F46 /* Headers */,
				30B7D1A819682A73008C7F46 /* Resources */,
				30E55E0619FE1C39008ACC6F /* ShellScript */,
			);
			buildRules = (
			);
			dependencies = (
			);
			name = TinyanLibSwift;
			productName = TinyanLibSwift;
			productReference = 30B7D1AA19682A73008C7F46 /* TinyanLibSwift.framework */;
			productType = "com.apple.product-type.framework";
		};
		30B7D1B419682A73008C7F46 /* TinyanLibSwiftTests */ = {
			isa = PBXNativeTarget;
			buildConfigurationList = 30B7D1C319682A73008C7F46 /* Build configuration list for PBXNativeTarget "TinyanLibSwiftTests" */;
			buildPhases = (
				30B7D1B119682A73008C7F46 /* Sources */,
				30B7D1B219682A73008C7F46 /* Frameworks */,
				30B7D1B319682A73008C7F46 /* Resources */,
			);
			buildRules = (
			);
			dependencies = (
				30B7D1B819682A73008C7F46 /* PBXTargetDependency */,
			);
			name = TinyanLibSwiftTests;
			productName = TinyanLibSwiftTests;
			productReference = 30B7D1B519682A73008C7F46 /* TinyanLibSwiftTests.xctest */;
			productType = "com.apple.product-type.bundle.unit-test";
		};
/* End PBXNativeTarget section */

/* Begin PBXProject section */
		30B7D1A119682A73008C7F46 /* Project object */ = {
			isa = PBXProject;
			attributes = {
				LastUpgradeCheck = 0600;
				ORGANIZATIONNAME = bugnekosoft;
				TargetAttributes = {
					30B7D1A919682A73008C7F46 = {
						CreatedOnToolsVersion = 6.0;
					};
					30B7D1B419682A73008C7F46 = {
						CreatedOnToolsVersion = 6.0;
						TestTargetID = 30B7D1A919682A73008C7F46;
					};
				};
			};
			buildConfigurationList = 30B7D1A419682A73008C7F46 /* Build configuration list for PBXProject "TinyanLibSwift" */;
			compatibilityVersion = "Xcode 3.2";
			developmentRegion = English;
			hasScannedForEncodings = 0;
			knownRegions = (
				en,
			);
			mainGroup = 30B7D1A019682A73008C7F46;
			productRefGroup = 30B7D1AB19682A73008C7F46 /* Products */;
			projectDirPath = "";
			projectRoot = "";
			targets = (
				30B7D1A919682A73008C7F46 /* TinyanLibSwift */,
				30B7D1B419682A73008C7F46 /* TinyanLibSwiftTests */,
			);
		};
/* End PBXProject section */

/* Begin PBXResourcesBuildPhase section */
		30B7D1A819682A73008C7F46 /* Resources */ = {
			isa = PBXResourcesBuildPhase;
			buildActionMask = 2147483647;
			files = (
			);
			runOnlyForDeploymentPostprocessing = 0;
		};
		30B7D1B319682A73008C7F46 /* Resources */ = {
			isa = PBXResourcesBuildPhase;
			buildActionMask = 2147483647;
			files = (
			);
			runOnlyForDeploymentPostprocessing = 0;
		};
/* End PBXResourcesBuildPhase section */

/* Begin PBXShellScriptBuildPhase section */
		30E55E0619FE1C39008ACC6F /* ShellScript */ = {
			isa = PBXShellScriptBuildPhase;
			buildActionMask = 2147483647;
			files = (
			);
			inputPaths = (
			);
			outputPaths = (
			);
			runOnlyForDeploymentPostprocessing = 0;
			shellPath = /bin/sh;
			shellScript = "LIB_NAME=\"TinyanLibSwift.framework/\"\nIOS_LIB=\"/Users/tinyan/TinyanLib/framework/${CONFIGURATION}-iphoneos/${LIB_NAME}\"\nSIM_LIB=\"/Users/tinyan/TinyanLib/framework/${CONFIGURATION}-iphonesimulator/${LIB_NAME}\"\nDST_LIB=\"/Users/tinyan/TinyanLib/framework/${CONFIGURATION}/${LIB_NAME}\"\n\n#lipo \"${IOS_LIB}\" \"${SIM_LIB}\" -create -output \"${DST_LIB}\"\n\n";
		};
/* End PBXShellScriptBuildPhase section */

/* Begin PBXSourcesBuildPhase section */
		30B7D1A519682A73008C7F46 /* Sources */ = {
			isa = PBXSourcesBuildPhase;
			buildActionMask = 2147483647;
			files = (
				30BC4AD019A9341500AC63C7 /* OALData.m in Sources */,
				30F6A7AF19BFF8D6006A8212 /* CCommonBannerViewController.swift in Sources */,
				306D6DD019BFF48600F63CF2 /* CCommonViewController.swift in Sources */,
				30BC4ACE19A9341500AC63C7 /* OALControl.m in Sources */,
				306D6DCC19BFF21400F63CF2 /* CCommonAppDelegate.swift in Sources */,
				30BC4AD419A9348D00AC63C7 /* OAL3DVector.m in Sources */,
				305FB6F119C1C41F0062BDCF /* CCommonGamecenterDataControl.swift in Sources */,
				30BC4A7E19A91ABB00AC63C7 /* CCommonSoundControl.swift in Sources */,
				306D6DD619C1454900F63CF2 /* CCommonUserData.swift in Sources */,
				306D6DCE19BFF44200F63CF2 /* CCommonGame.swift in Sources */,
				306D6DD219BFF4EB00F63CF2 /* CCommonGeneral.swift in Sources */,
			);
			runOnlyForDeploymentPostprocessing = 0;
		};
		30B7D1B119682A73008C7F46 /* Sources */ = {
			isa = PBXSourcesBuildPhase;
			buildActionMask = 2147483647;
			files = (
				30B7D1BD19682A73008C7F46 /* TinyanLibSwiftTests.swift in Sources */,
			);
			runOnlyForDeploymentPostprocessing = 0;
		};
/* End PBXSourcesBuildPhase section */

/* Begin PBXTargetDependency section */
		30B7D1B819682A73008C7F46 /* PBXTargetDependency */ = {
			isa = PBXTargetDependency;
			target = 30B7D1A919682A73008C7F46 /* TinyanLibSwift */;
			targetProxy = 30B7D1B719682A73008C7F46 /* PBXContainerItemProxy */;
		};
/* End PBXTargetDependency section */

/* Begin XCBuildConfiguration section */
		30B7D1BE19682A73008C7F46 /* Debug */ = {
			isa = XCBuildConfiguration;
			buildSettings = {
				ALWAYS_SEARCH_USER_PATHS = NO;
				CLANG_CXX_LANGUAGE_STANDARD = "gnu++0x";
				CLANG_CXX_LIBRARY = "libc++";
				CLANG_ENABLE_MODULES = YES;
				CLANG_ENABLE_OBJC_ARC = YES;
				CLANG_WARN_BOOL_CONVERSION = YES;
				CLANG_WARN_CONSTANT_CONVERSION = YES;
				CLANG_WARN_DIRECT_OBJC_ISA_USAGE = YES_ERROR;
				CLANG_WARN_EMPTY_BODY = YES;
				CLANG_WARN_ENUM_CONVERSION = YES;
				CLANG_WARN_INT_CONVERSION = YES;
				CLANG_WARN_OBJC_ROOT_CLASS = YES_ERROR;
				CLANG_WARN_UNREACHABLE_CODE = YES;
				CLANG_WARN__DUPLICATE_METHOD_MATCH = YES;
				"CODE_SIGN_IDENTITY[sdk=iphoneos*]" = "iPhone Developer";
				COPY_PHASE_STRIP = NO;
				CURRENT_PROJECT_VERSION = 1;
				DEPLOYMENT_LOCATION = YES;
				DEPLOYMENT_POSTPROCESSING = NO;
				DSTROOT = /Users/tinyan/TinyanLib/framework;
				ENABLE_STRICT_OBJC_MSGSEND = YES;
				GCC_C_LANGUAGE_STANDARD = gnu99;
				GCC_DYNAMIC_NO_PIC = NO;
				GCC_OPTIMIZATION_LEVEL = 0;
				GCC_PREPROCESSOR_DEFINITIONS = (
					"DEBUG=1",
					"$(inherited)",
				);
				GCC_SYMBOLS_PRIVATE_EXTERN = NO;
				GCC_WARN_64_TO_32_BIT_CONVERSION = YES;
				GCC_WARN_ABOUT_RETURN_TYPE = YES_ERROR;
				GCC_WARN_UNDECLARED_SELECTOR = YES;
				GCC_WARN_UNINITIALIZED_AUTOS = YES_AGGRESSIVE;
				GCC_WARN_UNUSED_FUNCTION = YES;
				GCC_WARN_UNUSED_VARIABLE = YES;
				INSTALL_PATH = "";
				IPHONEOS_DEPLOYMENT_TARGET = 8.0;
				METAL_ENABLE_DEBUG_INFO = YES;
				ONLY_ACTIVE_ARCH = YES;
				OTHER_SWIFT_FLAGS = "";
				SDKROOT = iphoneos;
				SWIFT_OBJC_BRIDGING_HEADER = "";
				SWIFT_OPTIMIZATION_LEVEL = "-Onone";
				TARGETED_DEVICE_FAMILY = "1,2";
				VERSIONING_SYSTEM = "apple-generic";
				VERSION_INFO_PREFIX = "";
			};
			name = Debug;
		};
		30B7D1BF19682A73008C7F46 /* Release */ = {
			isa = XCBuildConfiguration;
			buildSettings = {
				ALWAYS_SEARCH_USER_PATHS = NO;
				CLANG_CXX_LANGUAGE_STANDARD = "gnu++0x";
				CLANG_CXX_LIBRARY = "libc++";
				CLANG_ENABLE_MODULES = YES;
				CLANG_ENABLE_OBJC_ARC = YES;
				CLANG_WARN_BOOL_CONVERSION = YES;
				CLANG_WARN_CONSTANT_CONVERSION = YES;
				CLANG_WARN_DIRECT_OBJC_ISA_USAGE = YES_ERROR;
				CLANG_WARN_EMPTY_BODY = YES;
				CLANG_WARN_ENUM_CONVERSION = YES;
				CLANG_WARN_INT_CONVERSION = YES;
				CLANG_WARN_OBJC_ROOT_CLASS = YES_ERROR;
				CLANG_WARN_UNREACHABLE_CODE = YES;
				CLANG_WARN__DUPLICATE_METHOD_MATCH = YES;
				"CODE_SIGN_IDENTITY[sdk=iphoneos*]" = "iPhone Developer";
				COPY_PHASE_STRIP = YES;
				CURRENT_PROJECT_VERSION = 1;
				DEPLOYMENT_LOCATION = YES;
				DEPLOYMENT_POSTPROCESSING = NO;
				DSTROOT = /Users/tinyan/TinyanLib/framework;
				ENABLE_NS_ASSERTIONS = NO;
				ENABLE_STRICT_OBJC_MSGSEND = YES;
				GCC_C_LANGUAGE_STANDARD = gnu99;
				GCC_WARN_64_TO_32_BIT_CONVERSION = YES;
				GCC_WARN_ABOUT_RETURN_TYPE = YES_ERROR;
				GCC_WARN_UNDECLARED_SELECTOR = YES;
				GCC_WARN_UNINITIALIZED_AUTOS = YES_AGGRESSIVE;
				GCC_WARN_UNUSED_FUNCTION = YES;
				GCC_WARN_UNUSED_VARIABLE = YES;
				INSTALL_PATH = "";
				IPHONEOS_DEPLOYMENT_TARGET = 8.0;
				METAL_ENABLE_DEBUG_INFO = NO;
				OTHER_SWIFT_FLAGS = "";
				SDKROOT = iphoneos;
				SWIFT_OBJC_BRIDGING_HEADER = "";
				TARGETED_DEVICE_FAMILY = "1,2";
				VALIDATE_PRODUCT = YES;
				VERSIONING_SYSTEM = "apple-generic";
				VERSION_INFO_PREFIX = "";
			};
			name = Release;
		};
		30B7D1C119682A73008C7F46 /* Debug */ = {
			isa = XCBuildConfiguration;
			buildSettings = {
				CLANG_ENABLE_MODULES = YES;
				DEFINES_MODULE = YES;
				DYLIB_COMPATIBILITY_VERSION = 1;
				DYLIB_CURRENT_VERSION = 1;
				DYLIB_INSTALL_NAME_BASE = "@rpath";
				INFOPLIST_FILE = TinyanLibSwift/Info.plist;
				INSTALL_PATH = "/$(CONFIGURATION)$(EFFECTIVE_PLATFORM_NAME)";
				LD_RUNPATH_SEARCH_PATHS = "$(inherited) @executable_path/Frameworks @loader_path/Frameworks";
				PRODUCT_NAME = "$(TARGET_NAME)";
				SKIP_INSTALL = NO;
				SWIFT_OPTIMIZATION_LEVEL = "-Onone";
			};
			name = Debug;
		};
		30B7D1C219682A73008C7F46 /* Release */ = {
			isa = XCBuildConfiguration;
			buildSettings = {
				CLANG_ENABLE_MODULES = YES;
				DEFINES_MODULE = YES;
				DYLIB_COMPATIBILITY_VERSION = 1;
				DYLIB_CURRENT_VERSION = 1;
				DYLIB_INSTALL_NAME_BASE = "@rpath";
				INFOPLIST_FILE = TinyanLibSwift/Info.plist;
				INSTALL_PATH = "/$(CONFIGURATION)$(EFFECTIVE_PLATFORM_NAME)";
				LD_RUNPATH_SEARCH_PATHS = "$(inherited) @executable_path/Frameworks @loader_path/Frameworks";
				PRODUCT_NAME = "$(TARGET_NAME)";
				SKIP_INSTALL = NO;
			};
			name = Release;
		};
		30B7D1C419682A73008C7F46 /* Debug */ = {
			isa = XCBuildConfiguration;
			buildSettings = {
				FRAMEWORK_SEARCH_PATHS = (
					"$(SDKROOT)/Developer/Library/Frameworks",
					"$(inherited)",
				);
				GCC_PREPROCESSOR_DEFINITIONS = (
					"DEBUG=1",
					"$(inherited)",
				);
				INFOPLIST_FILE = TinyanLibSwiftTests/Info.plist;
				LD_RUNPATH_SEARCH_PATHS = "$(inherited) @executable_path/Frameworks @loader_path/Frameworks";
				METAL_ENABLE_DEBUG_INFO = YES;
				PRODUCT_NAME = "$(TARGET_NAME)";
			};
			name = Debug;
		};
		30B7D1C519682A73008C7F46 /* Release */ = {
			isa = XCBuildConfiguration;
			buildSettings = {
				FRAMEWORK_SEARCH_PATHS = (
					"$(SDKROOT)/Developer/Library/Frameworks",
					"$(inherited)",
				);
				INFOPLIST_FILE = TinyanLibSwiftTests/Info.plist;
				LD_RUNPATH_SEARCH_PATHS = "$(inherited) @executable_path/Frameworks @loader_path/Frameworks";
				METAL_ENABLE_DEBUG_INFO = NO;
				PRODUCT_NAME = "$(TARGET_NAME)";
			};
			name = Release;
		};
/* End XCBuildConfiguration section */

/* Begin XCConfigurationList section */
		30B7D1A419682A73008C7F46 /* Build configuration list for PBXProject "TinyanLibSwift" */ = {
			isa = XCConfigurationList;
			buildConfigurations = (
				30B7D1BE19682A73008C7F46 /* Debug */,
				30B7D1BF19682A73008C7F46 /* Release */,
			);
			defaultConfigurationIsVisible = 0;
			defaultConfigurationName = Release;
		};
		30B7D1C019682A73008C7F46 /* Build configuration list for PBXNativeTarget "TinyanLibSwift" */ = {
			isa = XCConfigurationList;
			buildConfigurations = (
				30B7D1C119682A73008C7F46 /* Debug */,
				30B7D1C219682A73008C7F46 /* Release */,
			);
			defaultConfigurationIsVisible = 0;
			defaultConfigurationName = Release;
		};
		30B7D1C319682A73008C7F46 /* Build configuration list for PBXNativeTarget "TinyanLibSwiftTests" */ = {
			isa = XCConfigurationList;
			buildConfigurations = (
				30B7D1C419682A73008C7F46 /* Debug */,
				30B7D1C519682A73008C7F46 /* Release */,
			);
			defaultConfigurationIsVisible = 0;
			defaultConfigurationName = Release;
		};
/* End XCConfigurationList section */
	};
	rootObject = 30B7D1A119682A73008C7F46 /* Project object */;
}
